
{
  "name": "code-map",
  "version": "1.0.0",
  "lockfileVersion": 1,
  "requires": true,
  "dependencies": {
    "@babel/code-frame": {
      "version": "7.0.0-beta.40",
      "resolved": "https://registry.npmjs.org/@babel/code-frame/-/code-frame-7.0.0-beta.40.tgz",
      "integrity": "sha512-eVXQSbu/RimU6OKcK2/gDJVTFcxXJI4sHbIqw2mhwMZeQ2as/8AhS9DGkEDoHMBBNJZ5B0US63lF56x+KDcxiA==",
      "dev": true,
      "requires": {
        "@babel/highlight": "7.0.0-beta.40"
      }
    },
    "@babel/core": {
      "version": "7.0.0-beta.40",
      "resolved": "https://registry.npmjs.org/@babel/core/-/core-7.0.0-beta.40.tgz",
      "integrity": "sha512-jJMjn/EMg89xDGv7uq4BoFg+fHEchSeqNc9YUMnGuAi/FWKBkSsDbhh2y5euw4qaGOFD2jw1le0rvCu5gPUc6Q==",
      "dev": true,
      "requires": {
        "@babel/code-frame": "7.0.0-beta.40",
        "@babel/generator": "7.0.0-beta.40",
        "@babel/helpers": "7.0.0-beta.40",
        "@babel/template": "7.0.0-beta.40",
        "@babel/traverse": "7.0.0-beta.40",
        "@babel/types": "7.0.0-beta.40",
        "babylon": "7.0.0-beta.40",
        "convert-source-map": "^1.1.0",
        "debug": "^3.0.1",
        "json5": "^0.5.0",
        "lodash": "^4.2.0",
        "micromatch": "^2.3.11",
        "resolve": "^1.3.2",
        "source-map": "^0.5.0"
      },
      "dependencies": {
        "arr-diff": {
          "version": "2.0.0",
          "resolved": "https://registry.npmjs.org/arr-diff/-/arr-diff-2.0.0.tgz",
          "integrity": "sha1-jzuCf5Vai9ZpaX5KQlasPOrjVs8=",
          "dev": true,
          "requires": {
            "arr-flatten": "^1.0.1"
          }
        },
        "array-unique": {
          "version": "0.2.1",
          "resolved": "https://registry.npmjs.org/array-unique/-/array-unique-0.2.1.tgz",
          "integrity": "sha1-odl8yvy8JiXMcPrc6zalDFiwGlM=",
          "dev": true
        },
        "braces": {
          "version": "1.8.5",
          "resolved": "https://registry.npmjs.org/braces/-/braces-1.8.5.tgz",
          "integrity": "sha1-uneWLhLf+WnWt2cR6RS3N4V79qc=",
          "dev": true,
          "requires": {
            "expand-range": "^1.8.1",
            "preserve": "^0.2.0",
            "repeat-element": "^1.1.2"
          }
        },
        "debug": {
          "version": "3.1.0",
          "resolved": "https://registry.npmjs.org/debug/-/debug-3.1.0.tgz",
          "integrity": "sha512-OX8XqP7/1a9cqkxYw2yXss15f26NKWBpDXQd0/uK/KPqdQhxbPa994hnzjcE2VqQpDslf55723cKPUOGSmMY3g==",
          "dev": true,
          "requires": {
            "ms": "2.0.0"
          }
        },
        "expand-brackets": {
          "version": "0.1.5",
          "resolved": "https://registry.npmjs.org/expand-brackets/-/expand-brackets-0.1.5.tgz",
          "integrity": "sha1-3wcoTjQqgHzXM6xa9yQR5YHRF3s=",
          "dev": true,
          "requires": {
            "is-posix-bracket": "^0.1.0"
          }
        },
        "extglob": {
          "version": "0.3.2",
          "resolved": "https://registry.npmjs.org/extglob/-/extglob-0.3.2.tgz",
          "integrity": "sha1-Lhj/PS9JqydlzskCPwEdqo2DSaE=",
          "dev": true,
          "requires": {
            "is-extglob": "^1.0.0"
          }
        },
        "is-extglob": {
          "version": "1.0.0",
          "resolved": "https://registry.npmjs.org/is-extglob/-/is-extglob-1.0.0.tgz",
          "integrity": "sha1-rEaBd8SUNAWgkvyPKXYMb/xiBsA=",
          "dev": true
        },
        "is-glob": {
          "version": "2.0.1",
          "resolved": "https://registry.npmjs.org/is-glob/-/is-glob-2.0.1.tgz",
          "integrity": "sha1-0Jb5JqPe1WAPP9/ZEZjLCIjC2GM=",
          "dev": true,
          "requires": {
            "is-extglob": "^1.0.0"
          }
        },
        "kind-of": {
          "version": "3.2.2",
          "resolved": "https://registry.npmjs.org/kind-of/-/kind-of-3.2.2.tgz",
          "integrity": "sha1-MeohpzS6ubuw8yRm2JOupR5KPGQ=",
          "dev": true,
          "requires": {
            "is-buffer": "^1.1.5"
          }
        },
        "micromatch": {
          "version": "2.3.11",
          "resolved": "https://registry.npmjs.org/micromatch/-/micromatch-2.3.11.tgz",
          "integrity": "sha1-hmd8l9FyCzY0MdBNDRUpO9OMFWU=",
          "dev": true,
          "requires": {
            "arr-diff": "^2.0.0",
            "array-unique": "^0.2.1",
            "braces": "^1.8.2",
            "expand-brackets": "^0.1.4",
            "extglob": "^0.3.1",
            "filename-regex": "^2.0.0",
            "is-extglob": "^1.0.0",
            "is-glob": "^2.0.1",
            "kind-of": "^3.0.2",
            "normalize-path": "^2.0.1",
            "object.omit": "^2.0.0",
            "parse-glob": "^3.0.4",
            "regex-cache": "^0.4.2"
          }
        },
        "normalize-path": {
          "version": "2.1.1",
          "resolved": "https://registry.npmjs.org/normalize-path/-/normalize-path-2.1.1.tgz",
          "integrity": "sha1-GrKLVW4Zg2Oowab35vogE3/mrtk=",
          "dev": true,
          "requires": {
            "remove-trailing-separator": "^1.0.1"
          }
        }
      }
    },
    "@babel/generator": {
      "version": "7.0.0-beta.40",
      "resolved": "https://registry.npmjs.org/@babel/generator/-/generator-7.0.0-beta.40.tgz",
      "integrity": "sha512-c91BQcXyTq/5aFV4afgOionxZS1dxWt8OghEx5Q52SKssdGRFSiMKnk9tGkev1pYULPJBqjSDZU2Pcuc58ffZw==",
      "dev": true,
      "requires": {
        "@babel/types": "7.0.0-beta.40",
        "jsesc": "^2.5.1",
        "lodash": "^4.2.0",
        "source-map": "^0.5.0",
        "trim-right": "^1.0.1"
      },
      "dependencies": {
        "jsesc": {
          "version": "2.5.1",
          "resolved": "https://registry.npmjs.org/jsesc/-/jsesc-2.5.1.tgz",
          "integrity": "sha1-5CGiqOINawgZ3yiQj3glJrlt0f4=",
          "dev": true
        }
      }
    },
    "@babel/helper-annotate-as-pure": {
      "version": "7.0.0-beta.40",
      "resolved": "https://registry.npmjs.org/@babel/helper-annotate-as-pure/-/helper-annotate-as-pure-7.0.0-beta.40.tgz",
      "integrity": "sha512-bJd92d70QTlcqCO9WiE8C94r7NwVzJx1V6Yz7rYi4IQ53P0jbh9jjKL2zl8YoU2S8M/KX1jpu+yIgXbx+LOruQ==",
      "dev": true,
      "requires": {
        "@babel/types": "7.0.0-beta.40"
      }
    },
    "@babel/helper-builder-binary-assignment-operator-visitor": {
      "version": "7.0.0-beta.40",
      "resolved": "https://registry.npmjs.org/@babel/helper-builder-binary-assignment-operator-visitor/-/helper-builder-binary-assignment-operator-visitor-7.0.0-beta.40.tgz",
      "integrity": "sha512-rMfjqkQrfHsA3ppMc2MsICoMqXH1b0BD77fTr4Kf+aUzEt5GSx5ZP5aNYlCqaPzhafg3znEEg/LVeq2EyGY8JQ==",
      "dev": true,
      "requires": {
        "@babel/helper-explode-assignable-expression": "7.0.0-beta.40",
        "@babel/types": "7.0.0-beta.40"
      }
    },
    "@babel/helper-builder-react-jsx": {
      "version": "7.0.0-beta.40",
      "resolved": "https://registry.npmjs.org/@babel/helper-builder-react-jsx/-/helper-builder-react-jsx-7.0.0-beta.40.tgz",
      "integrity": "sha512-qHqBJ2G1XPFs5yjV4Q031H700dhuIaCaUZxvkTCyzK7hg7TAn3BlvQ5kq/n47oW1iiJqQFEJP+rmCHt5pQSTKw==",
      "dev": true,
      "requires": {
        "@babel/types": "7.0.0-beta.40",
        "esutils": "^2.0.0"
      }
    },
    "@babel/helper-call-delegate": {
      "version": "7.0.0-beta.40",
      "resolved": "https://registry.npmjs.org/@babel/helper-call-delegate/-/helper-call-delegate-7.0.0-beta.40.tgz",
      "integrity": "sha512-kfLlTpTayyCwj3/Rq4zDaK85GVPzRIR433QLhuNb0qjJfMQgLit2UEfBHUPPMRvKlb0FelrlXGTxXfsHLmfgzw==",
      "dev": true,
      "requires": {
        "@babel/helper-hoist-variables": "7.0.0-beta.40",
        "@babel/traverse": "7.0.0-beta.40",
        "@babel/types": "7.0.0-beta.40"
      }
    },
    "@babel/helper-define-map": {
      "version": "7.0.0-beta.40",
      "resolved": "https://registry.npmjs.org/@babel/helper-define-map/-/helper-define-map-7.0.0-beta.40.tgz",
      "integrity": "sha512-hDg3sFSAxYQ/CSXzIBzGeNRD4yp89MkC3wkwvGBH80LXobL6csEdQpzCPhwpL0K8RNB07awRnck1OtPqjeCpgA==",
      "dev": true,
      "requires": {
        "@babel/helper-function-name": "7.0.0-beta.40",
        "@babel/types": "7.0.0-beta.40",
        "lodash": "^4.2.0"
      }
    },
    "@babel/helper-explode-assignable-expression": {
      "version": "7.0.0-beta.40",
      "resolved": "https://registry.npmjs.org/@babel/helper-explode-assignable-expression/-/helper-explode-assignable-expression-7.0.0-beta.40.tgz",
      "integrity": "sha512-EUbu+uVNtHVp9emICjYO5wYodqWnSTx/s4Hfk++7IdnPTQi7UA9F/tPXf1GS8BLazlWc9tDwQ2aHFQLheHEXHw==",
      "dev": true,
      "requires": {
        "@babel/traverse": "7.0.0-beta.40",
        "@babel/types": "7.0.0-beta.40"
      }
    },
    "@babel/helper-function-name": {
      "version": "7.0.0-beta.40",
      "resolved": "https://registry.npmjs.org/@babel/helper-function-name/-/helper-function-name-7.0.0-beta.40.tgz",
      "integrity": "sha512-cK9BVLtOfisSISTTHXKGvBc2OBh65tjEk4PgXhsSnnH0i8RP2v+5RCxoSlh2y/i+l2fxQqKqv++Qo5RMiwmRCA==",
      "dev": true,
      "requires": {
        "@babel/helper-get-function-arity": "7.0.0-beta.40",
        "@babel/template": "7.0.0-beta.40",
        "@babel/types": "7.0.0-beta.40"
      }
    },
    "@babel/helper-get-function-arity": {
      "version": "7.0.0-beta.40",
      "resolved": "https://registry.npmjs.org/@babel/helper-get-function-arity/-/helper-get-function-arity-7.0.0-beta.40.tgz",
      "integrity": "sha512-MwquaPznI4cUoZEgHC/XGkddOXtqKqD4DvZDOyJK2LR9Qi6TbMbAhc6IaFoRX7CRTFCmtGeu8gdXW2dBotBBTA==",
      "dev": true,
      "requires": {
        "@babel/types": "7.0.0-beta.40"
      }
    },
    "@babel/helper-hoist-variables": {
      "version": "7.0.0-beta.40",
      "resolved": "https://registry.npmjs.org/@babel/helper-hoist-variables/-/helper-hoist-variables-7.0.0-beta.40.tgz",
      "integrity": "sha512-ghnJxUUEmqK8mssF7Y7R5jNzF5xDu4hmWQ1aZghZtLNJSymmj3HrXCLl5m1dBYpq9gGk7TlZK8stIvIJsCGmTQ==",
      "dev": true,
      "requires": {
        "@babel/types": "7.0.0-beta.40"
      }
    },
    "@babel/helper-module-imports": {
      "version": "7.0.0-beta.40",
      "resolved": "https://registry.npmjs.org/@babel/helper-module-imports/-/helper-module-imports-7.0.0-beta.40.tgz",
      "integrity": "sha512-QFOskAKWbqJSBbGIl/Y1igJI4mW0A+wD5NFqsgDJj85KSvj/dHM4wNGIeqCi85nN9aMa4DgTBBrzUK4zSMsN2Q==",
      "dev": true,
      "requires": {
        "@babel/types": "7.0.0-beta.40",
        "lodash": "^4.2.0"
      }
    },
    "@babel/helper-module-transforms": {
      "version": "7.0.0-beta.40",
      "resolved": "https://registry.npmjs.org/@babel/helper-module-transforms/-/helper-module-transforms-7.0.0-beta.40.tgz",
      "integrity": "sha512-1H7cBk7kUWJpTepPH77TIRGwKILRGpu1yXmz1OjOruR6y2z0qfbp7ZzzZ3/xg6NlLDENLArEyO2+J0mO+VyQsg==",
      "dev": true,
      "requires": {
        "@babel/helper-module-imports": "7.0.0-beta.40",
        "@babel/helper-simple-access": "7.0.0-beta.40",
        "@babel/template": "7.0.0-beta.40",
        "@babel/types": "7.0.0-beta.40",
        "lodash": "^4.2.0"
      }
    },
    "@babel/helper-optimise-call-expression": {
      "version": "7.0.0-beta.40",
      "resolved": "https://registry.npmjs.org/@babel/helper-optimise-call-expression/-/helper-optimise-call-expression-7.0.0-beta.40.tgz",
      "integrity": "sha512-2f4ZKEkvdnKiTUA/Nhju+oEoRcyHcpf6lFuQI5cxbo1Toxqa8E9HBO5tiOWwlIwuak7RZPYSnxnrJQy/0d4YUw==",
      "dev": true,
      "requires": {
        "@babel/types": "7.0.0-beta.40"
      }
    },
    "@babel/helper-regex": {
      "version": "7.0.0-beta.40",
      "resolved": "https://registry.npmjs.org/@babel/helper-regex/-/helper-regex-7.0.0-beta.40.tgz",
      "integrity": "sha512-75zi8hZSdWLT7upmEyAemfN0hJ7522svItPGbIj4Pi2T/C5vbgNFXLy8o/iOCX4FzB+yVKhz0zWC3SzN9hyigA==",
      "dev": true,
      "requires": {
        "lodash": "^4.2.0"
      }
    },
    "@babel/helper-remap-async-to-generator": {
      "version": "7.0.0-beta.40",
      "resolved": "https://registry.npmjs.org/@babel/helper-remap-async-to-generator/-/helper-remap-async-to-generator-7.0.0-beta.40.tgz",
      "integrity": "sha512-RISz7EebAqaf4ofdG9LdVNfeqhK+JlFYJxvqCGMcS+Pyz84dA41MxgtjrRQdT85be1lZLI2OArvD7zDrj1psag==",
      "dev": true,
      "requires": {
        "@babel/helper-annotate-as-pure": "7.0.0-beta.40",
        "@babel/helper-wrap-function": "7.0.0-beta.40",
        "@babel/template": "7.0.0-beta.40",
        "@babel/traverse": "7.0.0-beta.40",
        "@babel/types": "7.0.0-beta.40"
      }
    },
    "@babel/helper-replace-supers": {
      "version": "7.0.0-beta.40",
      "resolved": "https://registry.npmjs.org/@babel/helper-replace-supers/-/helper-replace-supers-7.0.0-beta.40.tgz",
      "integrity": "sha512-Nu/5wpUV3rG35RzOq/upZlm61cP0lSAtmNkJLFfO5k2zOGCiHRczD1Y/xKqYOMl5f2iZmYw9fANi1jE4odMIIQ==",
      "dev": true,
      "requires": {
        "@babel/helper-optimise-call-expression": "7.0.0-beta.40",
        "@babel/template": "7.0.0-beta.40",
        "@babel/traverse": "7.0.0-beta.40",
        "@babel/types": "7.0.0-beta.40"
      }
    },
    "@babel/helper-simple-access": {
      "version": "7.0.0-beta.40",
      "resolved": "https://registry.npmjs.org/@babel/helper-simple-access/-/helper-simple-access-7.0.0-beta.40.tgz",
      "integrity": "sha512-hEKOIXUZFOiyqUPiGydGc+Jr0s8mVCFrD1OtAw2BDkXf1BaR+PxVEVcBAWcJVLOjqrr7oVZL9SENjR4B/Y+yEw==",
      "dev": true,
      "requires": {
        "@babel/template": "7.0.0-beta.40",
        "@babel/types": "7.0.0-beta.40",
        "lodash": "^4.2.0"
      }
    },
    "@babel/helper-wrap-function": {
      "version": "7.0.0-beta.40",
      "resolved": "https://registry.npmjs.org/@babel/helper-wrap-function/-/helper-wrap-function-7.0.0-beta.40.tgz",
      "integrity": "sha512-VBXE/uGQuZC9IaYufa3eCoT5ZqcCPv21Uhs/vo4ZqNRDX5QemYEkgDj5SmV2p73bhC66jDwUHaQHKQIiW7ExxA==",
      "dev": true,
      "requires": {
        "@babel/helper-function-name": "7.0.0-beta.40",
        "@babel/template": "7.0.0-beta.40",
        "@babel/traverse": "7.0.0-beta.40",
        "@babel/types": "7.0.0-beta.40"
      }
    },
    "@babel/helpers": {
      "version": "7.0.0-beta.40",
      "resolved": "https://registry.npmjs.org/@babel/helpers/-/helpers-7.0.0-beta.40.tgz",
      "integrity": "sha512-NK/mM/I16inThgXmKPxoqrg+N6OCLt+e9Zsmy8TJ93/zMx4Eddd679I231YwDP2J1Z12UgkfWCLbbvauU5TLlQ==",
      "dev": true,
      "requires": {
        "@babel/template": "7.0.0-beta.40",
        "@babel/traverse": "7.0.0-beta.40",
        "@babel/types": "7.0.0-beta.40"
      }
    },
    "@babel/highlight": {
      "version": "7.0.0-beta.40",
      "resolved": "https://registry.npmjs.org/@babel/highlight/-/highlight-7.0.0-beta.40.tgz",
      "integrity": "sha512-mOhhTrzieV6VO7odgzFGFapiwRK0ei8RZRhfzHhb6cpX3QM8XXuCLXWjN8qBB7JReDdUR80V3LFfFrGUYevhNg==",
      "dev": true,
      "requires": {
        "chalk": "^2.0.0",
        "esutils": "^2.0.2",
        "js-tokens": "^3.0.0"
      },
      "dependencies": {
        "ansi-styles": {
          "version": "3.2.0",
          "resolved": "https://registry.npmjs.org/ansi-styles/-/ansi-styles-3.2.0.tgz",
          "integrity": "sha512-NnSOmMEYtVR2JVMIGTzynRkkaxtiq1xnFBcdQD/DnNCYPoEPsVJhM98BDyaoNOQIi7p4okdi3E27eN7GQbsUug==",
          "dev": true,
          "requires": {
            "color-convert": "^1.9.0"
          }
        },
        "chalk": {
          "version": "2.3.1",
          "resolved": "https://registry.npmjs.org/chalk/-/chalk-2.3.1.tgz",
          "integrity": "sha512-QUU4ofkDoMIVO7hcx1iPTISs88wsO8jA92RQIm4JAwZvFGGAV2hSAA1NX7oVj2Ej2Q6NDTcRDjPTFrMCRZoJ6g==",
          "dev": true,
          "requires": {
            "ansi-styles": "^3.2.0",
            "escape-string-regexp": "^1.0.5",
            "supports-color": "^5.2.0"
          }
        },
        "supports-color": {
          "version": "5.2.0",
          "resolved": "https://registry.npmjs.org/supports-color/-/supports-color-5.2.0.tgz",
          "integrity": "sha512-F39vS48la4YvTZUPVeTqsjsFNrvcMwrV3RLZINsmHo+7djCvuUzSIeXOnZ5hmjef4bajL1dNccN+tg5XAliO5Q==",
          "dev": true,
          "requires": {
            "has-flag": "^3.0.0"
          }
        }
      }
    },
    "@babel/plugin-proposal-async-generator-functions": {
      "version": "7.0.0-beta.40",
      "resolved": "https://registry.npmjs.org/@babel/plugin-proposal-async-generator-functions/-/plugin-proposal-async-generator-functions-7.0.0-beta.40.tgz",
      "integrity": "sha512-DU9JstbqQRAPhbW3Pk0yrEJA8GIiIDdylrnIuPI9x01jAwijxJfRwi6FbUAZUbS+3mzAAM5ALXUJkF1i1R5qbQ==",
      "dev": true,
      "requires": {
        "@babel/helper-remap-async-to-generator": "7.0.0-beta.40",
        "@babel/plugin-syntax-async-generators": "7.0.0-beta.40"
      }
    },
    "@babel/plugin-proposal-class-properties": {
      "version": "7.0.0-beta.40",
      "resolved": "https://registry.npmjs.org/@babel/plugin-proposal-class-properties/-/plugin-proposal-class-properties-7.0.0-beta.40.tgz",
      "integrity": "sha512-Sg9dQw/4TpYKdTO5wx+AxxICXEraBbdhDUFl9tJfJYgz4grJm+UR2xMXbBO6fGRyBlFLMqQQQcY7Olk5iN6qNA==",
      "dev": true,
      "requires": {
        "@babel/helper-function-name": "7.0.0-beta.40",
        "@babel/plugin-syntax-class-properties": "7.0.0-beta.40"
      }
    },
    "@babel/plugin-proposal-export-namespace-from": {
      "version": "7.0.0-beta.40",
      "resolved": "https://registry.npmjs.org/@babel/plugin-proposal-export-namespace-from/-/plugin-proposal-export-namespace-from-7.0.0-beta.40.tgz",
      "integrity": "sha512-tzJeDx0ajiT/Ittfnoaurqnb002J1YDIb0wRuhjJ3f1dsIaLrbkt920aKfmA1+pitzSdSE0PDFXNtQw7hIN/lg==",
      "dev": true,
      "requires": {
        "@babel/plugin-syntax-export-namespace-from": "7.0.0-beta.40"
      }
    },
    "@babel/plugin-proposal-function-sent": {
      "version": "7.0.0-beta.40",
      "resolved": "https://registry.npmjs.org/@babel/plugin-proposal-function-sent/-/plugin-proposal-function-sent-7.0.0-beta.40.tgz",
      "integrity": "sha512-FjU0zE5c862wv2JsSpRLTwyEds1tLEKeURUwaubZsEy+VKUT2PZ3AE/ArnrfdhnoNBibI9akDXwetqLaOZsMfA==",
      "dev": true,
      "requires": {
        "@babel/helper-wrap-function": "7.0.0-beta.40",
        "@babel/plugin-syntax-function-sent": "7.0.0-beta.40"
      }
    },
    "@babel/plugin-proposal-numeric-separator": {
      "version": "7.0.0-beta.40",
      "resolved": "https://registry.npmjs.org/@babel/plugin-proposal-numeric-separator/-/plugin-proposal-numeric-separator-7.0.0-beta.40.tgz",
      "integrity": "sha512-VTraKOhQL9O73oqCiA6hYGt67yEdvYSwIhFcWfxdQQFWrffyqc8AtpHjQvlfPgJrIrv0HYBU3dilErlHO/XLrQ==",
      "dev": true,
      "requires": {
        "@babel/plugin-syntax-numeric-separator": "7.0.0-beta.40"
      }
    },
    "@babel/plugin-proposal-object-rest-spread": {
      "version": "7.0.0-beta.40",
      "resolved": "https://registry.npmjs.org/@babel/plugin-proposal-object-rest-spread/-/plugin-proposal-object-rest-spread-7.0.0-beta.40.tgz",
      "integrity": "sha512-nsQEWEvBgDcxYPBhmeIHqIXVVkPLQJBTD/bAdCMFhVe0vQdOR/px5E+rMsbP+9CywqV3AJ7PngYadnPgiuu4sg==",
      "dev": true,
      "requires": {
        "@babel/plugin-syntax-object-rest-spread": "7.0.0-beta.40"
      }
    },
    "@babel/plugin-proposal-optional-catch-binding": {
      "version": "7.0.0-beta.40",
      "resolved": "https://registry.npmjs.org/@babel/plugin-proposal-optional-catch-binding/-/plugin-proposal-optional-catch-binding-7.0.0-beta.40.tgz",
      "integrity": "sha512-GKKY7LDS3Z2iAVsM0KP745LAML8jKUdFqD+rGLa6F4Q9pEqDh3pjbL8eqiWLv/g/phpuCdvjaj+4wmUHi/E5eg==",
      "dev": true,
      "requires": {
        "@babel/plugin-syntax-optional-catch-binding": "7.0.0-beta.40"
      }
    },
    "@babel/plugin-proposal-throw-expressions": {
      "version": "7.0.0-beta.40",
      "resolved": "https://registry.npmjs.org/@babel/plugin-proposal-throw-expressions/-/plugin-proposal-throw-expressions-7.0.0-beta.40.tgz",
      "integrity": "sha512-bece0oqaKq66NU9AIV4kASc229QtgnHvHPrnUcOLQ12R9nI0qXEhJa9AgwsNKp0ACEtFZ6+ytFaQsFZF27wzbQ==",
      "dev": true,
      "requires": {
        "@babel/plugin-syntax-throw-expressions": "7.0.0-beta.40"
      }
    },
    "@babel/plugin-proposal-unicode-property-regex": {
      "version": "7.0.0-beta.40",
      "resolved": "https://registry.npmjs.org/@babel/plugin-proposal-unicode-property-regex/-/plugin-proposal-unicode-property-regex-7.0.0-beta.40.tgz",
      "integrity": "sha512-BJlgIZcqodpkgNLOsKtkprA3zeXhg0O9Hru+IIaDVhcrZnkIIMVsdIG6gY5cKCAnpKFVN4kloQRTB61qYdKueA==",
      "dev": true,
      "requires": {
        "@babel/helper-regex": "7.0.0-beta.40",
        "regexpu-core": "^4.1.3"
      }
    },
    "@babel/plugin-syntax-async-generators": {
      "version": "7.0.0-beta.40",
      "resolved": "https://registry.npmjs.org/@babel/plugin-syntax-async-generators/-/plugin-syntax-async-generators-7.0.0-beta.40.tgz",
      "integrity": "sha512-UczObsgk1A4DaSMqTj59iETtmtuiXdBMs/1WBpy6LvLtf8AdjO/bZ2IbvrwKR5gEp8xJxBgzNq2sfK8RUsQBsQ==",
      "dev": true
    },
    "@babel/plugin-syntax-class-properties": {
      "version": "7.0.0-beta.40",
      "resolved": "https://registry.npmjs.org/@babel/plugin-syntax-class-properties/-/plugin-syntax-class-properties-7.0.0-beta.40.tgz",
      "integrity": "sha512-JQUvaacmUpzXDU6BVE1l7hMES6AOJLAyGuEapTop3hD1BDvKwLOIrzwZxawBmp3GOA02S3m4VdUyIfWS5DATjw==",
      "dev": true
    },
    "@babel/plugin-syntax-dynamic-import": {
      "version": "7.0.0-beta.40",
      "resolved": "https://registry.npmjs.org/@babel/plugin-syntax-dynamic-import/-/plugin-syntax-dynamic-import-7.0.0-beta.40.tgz",
      "integrity": "sha512-YdXgB/tXK42arLlnVwUFX/VZFDPNKdxsDNkT7lIG5GDFmi77D1+e1JVRnVrUSlB4l3+attMsV84vqXGMq0SkIw==",
      "dev": true
    },
    "@babel/plugin-syntax-export-namespace-from": {
      "version": "7.0.0-beta.40",
      "resolved": "https://registry.npmjs.org/@babel/plugin-syntax-export-namespace-from/-/plugin-syntax-export-namespace-from-7.0.0-beta.40.tgz",
      "integrity": "sha512-kqyNjf3KRJzGbW2YhDWDXruIZXRpy0xPUgrYKPmafHRwxoXKldKx+ThK0d12ETGbsRcBgIOevezWGNb5+k65SA==",
      "dev": true
    },
    "@babel/plugin-syntax-function-sent": {
      "version": "7.0.0-beta.40",
      "resolved": "https://registry.npmjs.org/@babel/plugin-syntax-function-sent/-/plugin-syntax-function-sent-7.0.0-beta.40.tgz",
      "integrity": "sha512-QZ/i2YKtLGJMHqGt63Dl4cbIkagSYCUCwc06Em4qjXUVR9qhQxPGMbM8BGiWUSL/vDlpzSd++TwFcVcClshlPg==",
      "dev": true
    },
    "@babel/plugin-syntax-import-meta": {
      "version": "7.0.0-beta.40",
      "resolved": "https://registry.npmjs.org/@babel/plugin-syntax-import-meta/-/plugin-syntax-import-meta-7.0.0-beta.40.tgz",
      "integrity": "sha512-yeFzflDuVYQoGEN6IhzYg0meX8/fBNh9QyeargRnb3iBzsMFR4jlANGzfoJiCznrCuxD5PwyN3ukQDvn23F2LQ==",
      "dev": true
    },
    "@babel/plugin-syntax-jsx": {
      "version": "7.0.0-beta.40",
      "resolved": "https://registry.npmjs.org/@babel/plugin-syntax-jsx/-/plugin-syntax-jsx-7.0.0-beta.40.tgz",
      "integrity": "sha512-SLicyImotduRkkRtB9hKtEbwmtpLbMNFxWEwkJINTCOHO9slloGAT7GIEztr6Asud7OurxuSo/ORuOdRyfG4LQ==",
      "dev": true
    },
    "@babel/plugin-syntax-numeric-separator": {
      "version": "7.0.0-beta.40",
      "resolved": "https://registry.npmjs.org/@babel/plugin-syntax-numeric-separator/-/plugin-syntax-numeric-separator-7.0.0-beta.40.tgz",
      "integrity": "sha512-FlBu/0pr3UdJKDt9SrGDPUmLgcjdjJDXd4wj7Lr7yPohOTZMSd1ZPJEp1FFIKxqnD0tBgkATuCIMUXqAbPcQ8A==",
      "dev": true
    },
    "@babel/plugin-syntax-object-rest-spread": {
      "version": "7.0.0-beta.40",
      "resolved": "https://registry.npmjs.org/@babel/plugin-syntax-object-rest-spread/-/plugin-syntax-object-rest-spread-7.0.0-beta.40.tgz",
      "integrity": "sha512-LY96LEXC+qxuiOcoqrkrsyEUaD95gS7AQE7nZJ/lZBGG14h4cJhc+T0FYdJpVKqhqNuEqVHsJV9xfCYHI4Ksug==",
      "dev": true
    },
    "@babel/plugin-syntax-optional-catch-binding": {
      "version": "7.0.0-beta.40",
      "resolved": "https://registry.npmjs.org/@babel/plugin-syntax-optional-catch-binding/-/plugin-syntax-optional-catch-binding-7.0.0-beta.40.tgz",
      "integrity": "sha512-YP2Zqhi6r5mnp6LALz19pvF7szhEzBFybw4KqGFj6OwGmfF1nrvCG3h6cOTRhIKSwkfM7IlqGZm+GBhbYRYxGA==",
      "dev": true
    },
    "@babel/plugin-syntax-throw-expressions": {
      "version": "7.0.0-beta.40",
      "resolved": "https://registry.npmjs.org/@babel/plugin-syntax-throw-expressions/-/plugin-syntax-throw-expressions-7.0.0-beta.40.tgz",
      "integrity": "sha512-VZ3vHdpAGb+fCK/18hxNy8Fbmh5M1reu55HplTH5qkj7WjxWcD32HO3AVJEFSsmiMXvyXbdw1fDa0Uru1YAkhw==",
      "dev": true
    },
    "@babel/plugin-transform-arrow-functions": {
      "version": "7.0.0-beta.40",
      "resolved": "https://registry.npmjs.org/@babel/plugin-transform-arrow-functions/-/plugin-transform-arrow-functions-7.0.0-beta.40.tgz",
      "integrity": "sha512-B6wh62BErLWS3XInOUHhLcqBSK1QGdBph8E2K82EEFgJdQvphy30QXb0vwLUr8YU1efYyZXTsRA0JZ12jcm30Q==",
      "dev": true
    },
    "@babel/plugin-transform-async-to-generator": {
      "version": "7.0.0-beta.40",
      "resolved": "https://registry.npmjs.org/@babel/plugin-transform-async-to-generator/-/plugin-transform-async-to-generator-7.0.0-beta.40.tgz",
      "integrity": "sha512-4yTmjiZQw0S6dpnJqj0os0hom2czOAFKPhAuPplDay2zyqzDjbNt3zHFadIRTU4ekTonMb6ghTbMO1vlKcLMiQ==",
      "dev": true,
      "requires": {
        "@babel/helper-module-imports": "7.0.0-beta.40",
        "@babel/helper-remap-async-to-generator": "7.0.0-beta.40"
      }
    },
    "@babel/plugin-transform-block-scoped-functions": {
      "version": "7.0.0-beta.40",
      "resolved": "https://registry.npmjs.org/@babel/plugin-transform-block-scoped-functions/-/plugin-transform-block-scoped-functions-7.0.0-beta.40.tgz",
      "integrity": "sha512-GC64FqQfGJ5Wt3i0zSMcwRxmnZwgrx8fVLCeONNNm3BlK7Ui5Usuc7WubygM3bDq47UiHfeKo8ih54pr/POsFw==",
      "dev": true
    },
    "@babel/plugin-transform-block-scoping": {
      "version": "7.0.0-beta.40",
      "resolved": "https://registry.npmjs.org/@babel/plugin-transform-block-scoping/-/plugin-transform-block-scoping-7.0.0-beta.40.tgz",
      "integrity": "sha512-8QpOK9lXdzrq1QIrP3Hfx/BmGPaCKjBORd2QSjdghPNNRlQFZmO2l3kb0I6yC7w75U1M5q26KvUbAcPrE68E4w==",
      "dev": true,
      "requires": {
        "lodash": "^4.2.0"
      }
    },
    "@babel/plugin-transform-classes": {
      "version": "7.0.0-beta.40",
      "resolved": "https://registry.npmjs.org/@babel/plugin-transform-classes/-/plugin-transform-classes-7.0.0-beta.40.tgz",
      "integrity": "sha512-yjViyoOYJtt2vLDai8jluxl9quOtq/Xq4GTjT9uzy+mOfUTE77dcJySMGkWHE52Mu3n0TSI09ENBFYykpvXXDw==",
      "dev": true,
      "requires": {
        "@babel/helper-annotate-as-pure": "7.0.0-beta.40",
        "@babel/helper-define-map": "7.0.0-beta.40",
        "@babel/helper-function-name": "7.0.0-beta.40",
        "@babel/helper-optimise-call-expression": "7.0.0-beta.40",
        "@babel/helper-replace-supers": "7.0.0-beta.40",
        "globals": "^11.1.0"
      }
    },
    "@babel/plugin-transform-computed-properties": {
      "version": "7.0.0-beta.40",
      "resolved": "https://registry.npmjs.org/@babel/plugin-transform-computed-properties/-/plugin-transform-computed-properties-7.0.0-beta.40.tgz",
      "integrity": "sha512-1VBpE+6YN4bj72MtbQoIwXZxoI5VfPLutQ5uhOx/tIrjf1KbLKsFR0epPPGx4nZ13u++lUR8CjUFUHGJ6RJirA==",
      "dev": true
    },
    "@babel/plugin-transform-destructuring": {
      "version": "7.0.0-beta.40",
      "resolved": "https://registry.npmjs.org/@babel/plugin-transform-destructuring/-/plugin-transform-destructuring-7.0.0-beta.40.tgz",
      "integrity": "sha512-/FJq+WUAw4R5kg+2XWkmk0rDJqVs76rNNSIPpxeE0SiJvp8tvou7y8u0D1IhoO29ZgC+53jbdL+MkVN7mrH/iQ==",
      "dev": true
    },
    "@babel/plugin-transform-dotall-regex": {
      "version": "7.0.0-beta.40",
      "resolved": "https://registry.npmjs.org/@babel/plugin-transform-dotall-regex/-/plugin-transform-dotall-regex-7.0.0-beta.40.tgz",
      "integrity": "sha512-5npi7X6QGNWWfXxVBMQl+fEAn0LceNNFT139yaGRkyWZtUXmueFLgXKsa9dY2DhuEis29KuZrwGcmGSQWnEmtg==",
      "dev": true,
      "requires": {
        "@babel/helper-regex": "7.0.0-beta.40",
        "regexpu-core": "^4.1.3"
      }
    },
    "@babel/plugin-transform-duplicate-keys": {
      "version": "7.0.0-beta.40",
      "resolved": "https://registry.npmjs.org/@babel/plugin-transform-duplicate-keys/-/plugin-transform-duplicate-keys-7.0.0-beta.40.tgz",
      "integrity": "sha512-rxEyRbU/iEGR99oBMoer5QeGWLMhT3Kq4a8B03DFLCBpGLv3XirpSGC/Ys1YhUKAmEio4jIcVVI8dRBbcVeyDw==",
      "dev": true
    },
    "@babel/plugin-transform-exponentiation-operator": {
      "version": "7.0.0-beta.40",
      "resolved": "https://registry.npmjs.org/@babel/plugin-transform-exponentiation-operator/-/plugin-transform-exponentiation-operator-7.0.0-beta.40.tgz",
      "integrity": "sha512-nh9qIA4P1wQczihazVOvTpkl2EBfoSMfkM6/21p8NBY4GxZJcEwT1O1nke/+RLludUekHqXHGH+9ekfEfLwKRQ==",
      "dev": true,
      "requires": {
        "@babel/helper-builder-binary-assignment-operator-visitor": "7.0.0-beta.40"
      }
    },
    "@babel/plugin-transform-for-of": {
      "version": "7.0.0-beta.40",
      "resolved": "https://registry.npmjs.org/@babel/plugin-transform-for-of/-/plugin-transform-for-of-7.0.0-beta.40.tgz",
      "integrity": "sha512-ArDbLAGMzI++G5Ut8HIbLvnAxZNOC5tFzMXiud51JJTHRaeFB7AwX+duY9x/Hu/KypISXjels3BYVYCV/EH+ow==",
      "dev": true
    },
    "@babel/plugin-transform-function-name": {
      "version": "7.0.0-beta.40",
      "resolved": "https://registry.npmjs.org/@babel/plugin-transform-function-name/-/plugin-transform-function-name-7.0.0-beta.40.tgz",
      "integrity": "sha512-wvpswFciLQ2eAnHAs6/NSWymPg88LhHH87BljjXDxNnyGBzckip/iEa051Dz6lDumVUUjXLukw3D2fv5NBitVA==",
      "dev": true,
      "requires": {
        "@babel/helper-function-name": "7.0.0-beta.40"
      }
    },
    "@babel/plugin-transform-literals": {
      "version": "7.0.0-beta.40",
      "resolved": "https://registry.npmjs.org/@babel/plugin-transform-literals/-/plugin-transform-literals-7.0.0-beta.40.tgz",
      "integrity": "sha512-p7VlTod2r7srx0uKVrKqMJR1f6iyvDAnlLdTEDGrLHpP9pXXvIc/bP8xZTxVPn+IziSFh6FvOzHXXLMtnRKnow==",
      "dev": true
    },
    "@babel/plugin-transform-modules-amd": {
      "version": "7.0.0-beta.40",
      "resolved": "https://registry.npmjs.org/@babel/plugin-transform-modules-amd/-/plugin-transform-modules-amd-7.0.0-beta.40.tgz",
      "integrity": "sha512-o/XTve9C+M9203MVxGRBOXNx4f9DZGiPLbwPPeDobdtw3NKHUCymFNbh9xxMJy0MPMEe8JldxbVwGy2f8DY/3w==",
      "dev": true,
      "requires": {
        "@babel/helper-module-transforms": "7.0.0-beta.40"
      }
    },
    "@babel/plugin-transform-modules-commonjs": {
      "version": "7.0.0-beta.40",
      "resolved": "https://registry.npmjs.org/@babel/plugin-transform-modules-commonjs/-/plugin-transform-modules-commonjs-7.0.0-beta.40.tgz",
      "integrity": "sha512-1kRhaQP3K9kRiJhhLpP7J5NsMV+SiKWSsli6TUR6uxbuHHNAleRtlsZ76JgCRMaufBgPMLxq5pp7yibUhwTn8w==",
      "dev": true,
      "requires": {
        "@babel/helper-module-transforms": "7.0.0-beta.40",
        "@babel/helper-simple-access": "7.0.0-beta.40"
      }
    },
    "@babel/plugin-transform-modules-systemjs": {
      "version": "7.0.0-beta.40",
      "resolved": "https://registry.npmjs.org/@babel/plugin-transform-modules-systemjs/-/plugin-transform-modules-systemjs-7.0.0-beta.40.tgz",
      "integrity": "sha512-q5IpFXNlzrK2ObpHkH5jzTCqRVzoNzmH8RoE8ZHQvLLiaIT346u8ynNv/BH1ltA49SPUPWyYpA+Z7OqCM4d3NA==",
      "dev": true,
      "requires": {
        "@babel/helper-hoist-variables": "7.0.0-beta.40"
      }
    },
    "@babel/plugin-transform-modules-umd": {
      "version": "7.0.0-beta.40",
      "resolved": "https://registry.npmjs.org/@babel/plugin-transform-modules-umd/-/plugin-transform-modules-umd-7.0.0-beta.40.tgz",
      "integrity": "sha512-LHKqJFwo7x/CeEwjLyUE99SlG/kbTl8LS1DQ26fWctVnW5JuPt3hwYrggnmo1L/g/dal7EP2IL56+UezDMpJUQ==",
      "dev": true,
      "requires": {
        "@babel/helper-module-transforms": "7.0.0-beta.40"
      }
    },
    "@babel/plugin-transform-new-target": {
      "version": "7.0.0-beta.40",
      "resolved": "https://registry.npmjs.org/@babel/plugin-transform-new-target/-/plugin-transform-new-target-7.0.0-beta.40.tgz",
      "integrity": "sha512-t4ivwZVGrVf1bhLgHcgaLhFH4loZhV5WmEKKNPEe7QnGikJBibrLmggOM1w5s6BMsHj03+j0rxUmcKLmGlC/fg==",
      "dev": true
    },
    "@babel/plugin-transform-object-super": {
      "version": "7.0.0-beta.40",
      "resolved": "https://registry.npmjs.org/@babel/plugin-transform-object-super/-/plugin-transform-object-super-7.0.0-beta.40.tgz",
      "integrity": "sha512-a9kXy4amuvAz7eFuntXiyjg0eKXej1FH++xQg37ugh24zozD0cmfr3pvRbYOGlmbmOeZWJnlq+O6X8BSfLSycw==",
      "dev": true,
      "requires": {
        "@babel/helper-replace-supers": "7.0.0-beta.40"
      }
    },
    "@babel/plugin-transform-parameters": {
      "version": "7.0.0-beta.40",
      "resolved": "https://registry.npmjs.org/@babel/plugin-transform-parameters/-/plugin-transform-parameters-7.0.0-beta.40.tgz",
      "integrity": "sha512-JShFDeKEzwwTB+pHcUuLdX9zPi98sRekvtdCEOt8UoF5pzW02k1XdsVOckp/PzcEdoGAgZiiI1PFkJZ+xanfPg==",
      "dev": true,
      "requires": {
        "@babel/helper-call-delegate": "7.0.0-beta.40",
        "@babel/helper-get-function-arity": "7.0.0-beta.40"
      }
    },
    "@babel/plugin-transform-react-display-name": {
      "version": "7.0.0-beta.40",
      "resolved": "https://registry.npmjs.org/@babel/plugin-transform-react-display-name/-/plugin-transform-react-display-name-7.0.0-beta.40.tgz",
      "integrity": "sha512-mwCm2GCP4WD5Mbdy1pPf/te0bbUWc1bhrxRIyHg5OVTs9H8DH94rYqH7Nlo+NcK436nJZJYX5K2nfJdEloRn7g==",
      "dev": true
    },
    "@babel/plugin-transform-react-jsx": {
      "version": "7.0.0-beta.40",
      "resolved": "https://registry.npmjs.org/@babel/plugin-transform-react-jsx/-/plugin-transform-react-jsx-7.0.0-beta.40.tgz",
      "integrity": "sha512-7dqeoFtVL7Yl06+/NNHzgbQ5vAUiBtVQms01zSLRT3PmGQg5Z32JynIp6MV6b5fhxJpy7MQn5NHLYjAaOq4vgg==",
      "dev": true,
      "requires": {
        "@babel/helper-builder-react-jsx": "7.0.0-beta.40",
        "@babel/plugin-syntax-jsx": "7.0.0-beta.40"
      }
    },
    "@babel/plugin-transform-react-jsx-self": {
      "version": "7.0.0-beta.40",
      "resolved": "https://registry.npmjs.org/@babel/plugin-transform-react-jsx-self/-/plugin-transform-react-jsx-self-7.0.0-beta.40.tgz",
      "integrity": "sha512-jTulUz95ll3eNWJ+lulQ+A4CxuHP0Qs77zhAMuetbyiqE4d5fq6XT+BUNaaCvgLOuhmf6hS4v4oxzdad9IPdNg==",
      "dev": true,
      "requires": {
        "@babel/plugin-syntax-jsx": "7.0.0-beta.40"
      }
    },
    "@babel/plugin-transform-react-jsx-source": {
      "version": "7.0.0-beta.40",
      "resolved": "https://registry.npmjs.org/@babel/plugin-transform-react-jsx-source/-/plugin-transform-react-jsx-source-7.0.0-beta.40.tgz",
      "integrity": "sha512-5mlAlw183Yh9EpoCAHJBFGavvN8MfxXz2pHx5koIg0xPznt7+p6JaH5wCT4QwlVFbDoHzfKv5TMZ4vgbsp6Hxw==",
      "dev": true,
      "requires": {
        "@babel/plugin-syntax-jsx": "7.0.0-beta.40"
      }
    },
    "@babel/plugin-transform-regenerator": {
      "version": "7.0.0-beta.40",
      "resolved": "https://registry.npmjs.org/@babel/plugin-transform-regenerator/-/plugin-transform-regenerator-7.0.0-beta.40.tgz",
      "integrity": "sha512-hFj52wAXbEpXwwfKsMol5Y967D3L8tz46Jin9n/gYPgcNWugvsw6d7g+HknBJ8FzaUESrDruFRkGPXgD+FyjvQ==",
      "dev": true,
      "requires": {
        "regenerator-transform": "^0.12.3"
      }
    },
    "@babel/plugin-transform-shorthand-properties": {
      "version": "7.0.0-beta.40",
      "resolved": "https://registry.npmjs.org/@babel/plugin-transform-shorthand-properties/-/plugin-transform-shorthand-properties-7.0.0-beta.40.tgz",
      "integrity": "sha512-1leHn9ST0PKFHwH7klJqGA76YPoqs3cR5zeJK6YGZETeX89YiAVtR+5JTSGhfI/1RR0Vcg9Tl1LnPpf7LmYlng==",
      "dev": true
    },
    "@babel/plugin-transform-spread": {
      "version": "7.0.0-beta.40",
      "resolved": "https://registry.npmjs.org/@babel/plugin-transform-spread/-/plugin-transform-spread-7.0.0-beta.40.tgz",
      "integrity": "sha512-RPrIpV+h8OqoqyMic7CNeM8TdSDk7ec+T6jM97vMb9XQQrRInAUWlwWvG6d36v72xobFtHoPA28VN/0aVsbQDg==",
      "dev": true
    },