
{
  "name": "code-map",
  "version": "1.0.0",
  "lockfileVersion": 1,
  "requires": true,
  "dependencies": {
    "@babel/code-frame": {
      "version": "7.0.0-beta.40",
      "resolved": "https://registry.npmjs.org/@babel/code-frame/-/code-frame-7.0.0-beta.40.tgz",
      "integrity": "sha512-eVXQSbu/RimU6OKcK2/gDJVTFcxXJI4sHbIqw2mhwMZeQ2as/8AhS9DGkEDoHMBBNJZ5B0US63lF56x+KDcxiA==",
      "dev": true,
      "requires": {
        "@babel/highlight": "7.0.0-beta.40"
      }
    },
    "@babel/core": {
      "version": "7.0.0-beta.40",
      "resolved": "https://registry.npmjs.org/@babel/core/-/core-7.0.0-beta.40.tgz",
      "integrity": "sha512-jJMjn/EMg89xDGv7uq4BoFg+fHEchSeqNc9YUMnGuAi/FWKBkSsDbhh2y5euw4qaGOFD2jw1le0rvCu5gPUc6Q==",
      "dev": true,
      "requires": {
        "@babel/code-frame": "7.0.0-beta.40",
        "@babel/generator": "7.0.0-beta.40",
        "@babel/helpers": "7.0.0-beta.40",
        "@babel/template": "7.0.0-beta.40",
        "@babel/traverse": "7.0.0-beta.40",
        "@babel/types": "7.0.0-beta.40",
        "babylon": "7.0.0-beta.40",
        "convert-source-map": "^1.1.0",
        "debug": "^3.0.1",
        "json5": "^0.5.0",
        "lodash": "^4.2.0",
        "micromatch": "^2.3.11",
        "resolve": "^1.3.2",
        "source-map": "^0.5.0"
      },
      "dependencies": {
        "arr-diff": {
          "version": "2.0.0",
          "resolved": "https://registry.npmjs.org/arr-diff/-/arr-diff-2.0.0.tgz",
          "integrity": "sha1-jzuCf5Vai9ZpaX5KQlasPOrjVs8=",
          "dev": true,
          "requires": {
            "arr-flatten": "^1.0.1"
          }
        },
        "array-unique": {
          "version": "0.2.1",
          "resolved": "https://registry.npmjs.org/array-unique/-/array-unique-0.2.1.tgz",
          "integrity": "sha1-odl8yvy8JiXMcPrc6zalDFiwGlM=",
          "dev": true
        },
        "braces": {
          "version": "1.8.5",
          "resolved": "https://registry.npmjs.org/braces/-/braces-1.8.5.tgz",
          "integrity": "sha1-uneWLhLf+WnWt2cR6RS3N4V79qc=",
          "dev": true,
          "requires": {
            "expand-range": "^1.8.1",
            "preserve": "^0.2.0",
            "repeat-element": "^1.1.2"
          }
        },
        "debug": {
          "version": "3.1.0",
          "resolved": "https://registry.npmjs.org/debug/-/debug-3.1.0.tgz",
          "integrity": "sha512-OX8XqP7/1a9cqkxYw2yXss15f26NKWBpDXQd0/uK/KPqdQhxbPa994hnzjcE2VqQpDslf55723cKPUOGSmMY3g==",
          "dev": true,
          "requires": {
            "ms": "2.0.0"
          }
        },
        "expand-brackets": {
          "version": "0.1.5",
          "resolved": "https://registry.npmjs.org/expand-brackets/-/expand-brackets-0.1.5.tgz",
          "integrity": "sha1-3wcoTjQqgHzXM6xa9yQR5YHRF3s=",
          "dev": true,
          "requires": {
            "is-posix-bracket": "^0.1.0"
          }
        },
        "extglob": {
          "version": "0.3.2",
          "resolved": "https://registry.npmjs.org/extglob/-/extglob-0.3.2.tgz",
          "integrity": "sha1-Lhj/PS9JqydlzskCPwEdqo2DSaE=",
          "dev": true,
          "requires": {
            "is-extglob": "^1.0.0"
          }
        },
        "is-extglob": {
          "version": "1.0.0",
          "resolved": "https://registry.npmjs.org/is-extglob/-/is-extglob-1.0.0.tgz",
          "integrity": "sha1-rEaBd8SUNAWgkvyPKXYMb/xiBsA=",
          "dev": true
        },
        "is-glob": {
          "version": "2.0.1",
          "resolved": "https://registry.npmjs.org/is-glob/-/is-glob-2.0.1.tgz",
          "integrity": "sha1-0Jb5JqPe1WAPP9/ZEZjLCIjC2GM=",
          "dev": true,
          "requires": {
            "is-extglob": "^1.0.0"
          }
        },
        "kind-of": {
          "version": "3.2.2",
          "resolved": "https://registry.npmjs.org/kind-of/-/kind-of-3.2.2.tgz",
          "integrity": "sha1-MeohpzS6ubuw8yRm2JOupR5KPGQ=",
          "dev": true,
          "requires": {
            "is-buffer": "^1.1.5"
          }
        },
        "micromatch": {
          "version": "2.3.11",
          "resolved": "https://registry.npmjs.org/micromatch/-/micromatch-2.3.11.tgz",
          "integrity": "sha1-hmd8l9FyCzY0MdBNDRUpO9OMFWU=",
          "dev": true,
          "requires": {
            "arr-diff": "^2.0.0",
            "array-unique": "^0.2.1",
            "braces": "^1.8.2",
            "expand-brackets": "^0.1.4",
            "extglob": "^0.3.1",
            "filename-regex": "^2.0.0",
            "is-extglob": "^1.0.0",
            "is-glob": "^2.0.1",
            "kind-of": "^3.0.2",
            "normalize-path": "^2.0.1",
            "object.omit": "^2.0.0",
            "parse-glob": "^3.0.4",
            "regex-cache": "^0.4.2"
          }
        },
        "normalize-path": {
          "version": "2.1.1",
          "resolved": "https://registry.npmjs.org/normalize-path/-/normalize-path-2.1.1.tgz",
          "integrity": "sha1-GrKLVW4Zg2Oowab35vogE3/mrtk=",
          "dev": true,
          "requires": {
            "remove-trailing-separator": "^1.0.1"
          }
        }
      }
    },
    "@babel/generator": {
      "version": "7.0.0-beta.40",
      "resolved": "https://registry.npmjs.org/@babel/generator/-/generator-7.0.0-beta.40.tgz",
      "integrity": "sha512-c91BQcXyTq/5aFV4afgOionxZS1dxWt8OghEx5Q52SKssdGRFSiMKnk9tGkev1pYULPJBqjSDZU2Pcuc58ffZw==",
      "dev": true,
      "requires": {
        "@babel/types": "7.0.0-beta.40",
        "jsesc": "^2.5.1",
        "lodash": "^4.2.0",
        "source-map": "^0.5.0",
        "trim-right": "^1.0.1"
      },
      "dependencies": {
        "jsesc": {
          "version": "2.5.1",
          "resolved": "https://registry.npmjs.org/jsesc/-/jsesc-2.5.1.tgz",
          "integrity": "sha1-5CGiqOINawgZ3yiQj3glJrlt0f4=",
          "dev": true
        }
      }
    },
    "@babel/helper-annotate-as-pure": {
      "version": "7.0.0-beta.40",
      "resolved": "https://registry.npmjs.org/@babel/helper-annotate-as-pure/-/helper-annotate-as-pure-7.0.0-beta.40.tgz",
      "integrity": "sha512-bJd92d70QTlcqCO9WiE8C94r7NwVzJx1V6Yz7rYi4IQ53P0jbh9jjKL2zl8YoU2S8M/KX1jpu+yIgXbx+LOruQ==",
      "dev": true,
      "requires": {
        "@babel/types": "7.0.0-beta.40"
      }
    },
    "@babel/helper-builder-binary-assignment-operator-visitor": {
      "version": "7.0.0-beta.40",
      "resolved": "https://registry.npmjs.org/@babel/helper-builder-binary-assignment-operator-visitor/-/helper-builder-binary-assignment-operator-visitor-7.0.0-beta.40.tgz",
      "integrity": "sha512-rMfjqkQrfHsA3ppMc2MsICoMqXH1b0BD77fTr4Kf+aUzEt5GSx5ZP5aNYlCqaPzhafg3znEEg/LVeq2EyGY8JQ==",
      "dev": true,
      "requires": {
        "@babel/helper-explode-assignable-expression": "7.0.0-beta.40",
        "@babel/types": "7.0.0-beta.40"
      }
    },
    "@babel/helper-builder-react-jsx": {
      "version": "7.0.0-beta.40",
      "resolved": "https://registry.npmjs.org/@babel/helper-builder-react-jsx/-/helper-builder-react-jsx-7.0.0-beta.40.tgz",
      "integrity": "sha512-qHqBJ2G1XPFs5yjV4Q031H700dhuIaCaUZxvkTCyzK7hg7TAn3BlvQ5kq/n47oW1iiJqQFEJP+rmCHt5pQSTKw==",
      "dev": true,
      "requires": {
        "@babel/types": "7.0.0-beta.40",
        "esutils": "^2.0.0"
      }
    },
    "@babel/helper-call-delegate": {
      "version": "7.0.0-beta.40",
      "resolved": "https://registry.npmjs.org/@babel/helper-call-delegate/-/helper-call-delegate-7.0.0-beta.40.tgz",
      "integrity": "sha512-kfLlTpTayyCwj3/Rq4zDaK85GVPzRIR433QLhuNb0qjJfMQgLit2UEfBHUPPMRvKlb0FelrlXGTxXfsHLmfgzw==",
      "dev": true,
      "requires": {
        "@babel/helper-hoist-variables": "7.0.0-beta.40",
        "@babel/traverse": "7.0.0-beta.40",
        "@babel/types": "7.0.0-beta.40"
      }
    },
    "@babel/helper-define-map": {
      "version": "7.0.0-beta.40",
      "resolved": "https://registry.npmjs.org/@babel/helper-define-map/-/helper-define-map-7.0.0-beta.40.tgz",
      "integrity": "sha512-hDg3sFSAxYQ/CSXzIBzGeNRD4yp89MkC3wkwvGBH80LXobL6csEdQpzCPhwpL0K8RNB07awRnck1OtPqjeCpgA==",
      "dev": true,
      "requires": {
        "@babel/helper-function-name": "7.0.0-beta.40",
        "@babel/types": "7.0.0-beta.40",
        "lodash": "^4.2.0"
      }
    },
    "@babel/helper-explode-assignable-expression": {
      "version": "7.0.0-beta.40",
      "resolved": "https://registry.npmjs.org/@babel/helper-explode-assignable-expression/-/helper-explode-assignable-expression-7.0.0-beta.40.tgz",
      "integrity": "sha512-EUbu+uVNtHVp9emICjYO5wYodqWnSTx/s4Hfk++7IdnPTQi7UA9F/tPXf1GS8BLazlWc9tDwQ2aHFQLheHEXHw==",
      "dev": true,
      "requires": {
        "@babel/traverse": "7.0.0-beta.40",
        "@babel/types": "7.0.0-beta.40"
      }
    },
    "@babel/helper-function-name": {
      "version": "7.0.0-beta.40",
      "resolved": "https://registry.npmjs.org/@babel/helper-function-name/-/helper-function-name-7.0.0-beta.40.tgz",
      "integrity": "sha512-cK9BVLtOfisSISTTHXKGvBc2OBh65tjEk4PgXhsSnnH0i8RP2v+5RCxoSlh2y/i+l2fxQqKqv++Qo5RMiwmRCA==",
      "dev": true,
      "requires": {
        "@babel/helper-get-function-arity": "7.0.0-beta.40",
        "@babel/template": "7.0.0-beta.40",
        "@babel/types": "7.0.0-beta.40"
      }
    },
    "@babel/helper-get-function-arity": {
      "version": "7.0.0-beta.40",
      "resolved": "https://registry.npmjs.org/@babel/helper-get-function-arity/-/helper-get-function-arity-7.0.0-beta.40.tgz",
      "integrity": "sha512-MwquaPznI4cUoZEgHC/XGkddOXtqKqD4DvZDOyJK2LR9Qi6TbMbAhc6IaFoRX7CRTFCmtGeu8gdXW2dBotBBTA==",
      "dev": true,
      "requires": {
        "@babel/types": "7.0.0-beta.40"
      }
    },
    "@babel/helper-hoist-variables": {
      "version": "7.0.0-beta.40",
      "resolved": "https://registry.npmjs.org/@babel/helper-hoist-variables/-/helper-hoist-variables-7.0.0-beta.40.tgz",
      "integrity": "sha512-ghnJxUUEmqK8mssF7Y7R5jNzF5xDu4hmWQ1aZghZtLNJSymmj3HrXCLl5m1dBYpq9gGk7TlZK8stIvIJsCGmTQ==",
      "dev": true,
      "requires": {
        "@babel/types": "7.0.0-beta.40"
      }
    },
    "@babel/helper-module-imports": {
      "version": "7.0.0-beta.40",
      "resolved": "https://registry.npmjs.org/@babel/helper-module-imports/-/helper-module-imports-7.0.0-beta.40.tgz",
      "integrity": "sha512-QFOskAKWbqJSBbGIl/Y1igJI4mW0A+wD5NFqsgDJj85KSvj/dHM4wNGIeqCi85nN9aMa4DgTBBrzUK4zSMsN2Q==",
      "dev": true,
      "requires": {
        "@babel/types": "7.0.0-beta.40",
        "lodash": "^4.2.0"
      }
    },
    "@babel/helper-module-transforms": {
      "version": "7.0.0-beta.40",
      "resolved": "https://registry.npmjs.org/@babel/helper-module-transforms/-/helper-module-transforms-7.0.0-beta.40.tgz",
      "integrity": "sha512-1H7cBk7kUWJpTepPH77TIRGwKILRGpu1yXmz1OjOruR6y2z0qfbp7ZzzZ3/xg6NlLDENLArEyO2+J0mO+VyQsg==",
      "dev": true,
      "requires": {
        "@babel/helper-module-imports": "7.0.0-beta.40",
        "@babel/helper-simple-access": "7.0.0-beta.40",
        "@babel/template": "7.0.0-beta.40",
        "@babel/types": "7.0.0-beta.40",
        "lodash": "^4.2.0"
      }
    },
    "@babel/helper-optimise-call-expression": {
      "version": "7.0.0-beta.40",
      "resolved": "https://registry.npmjs.org/@babel/helper-optimise-call-expression/-/helper-optimise-call-expression-7.0.0-beta.40.tgz",
      "integrity": "sha512-2f4ZKEkvdnKiTUA/Nhju+oEoRcyHcpf6lFuQI5cxbo1Toxqa8E9HBO5tiOWwlIwuak7RZPYSnxnrJQy/0d4YUw==",
      "dev": true,
      "requires": {
        "@babel/types": "7.0.0-beta.40"
      }
    },
    "@babel/helper-regex": {
      "version": "7.0.0-beta.40",
      "resolved": "https://registry.npmjs.org/@babel/helper-regex/-/helper-regex-7.0.0-beta.40.tgz",
      "integrity": "sha512-75zi8hZSdWLT7upmEyAemfN0hJ7522svItPGbIj4Pi2T/C5vbgNFXLy8o/iOCX4FzB+yVKhz0zWC3SzN9hyigA==",
      "dev": true,
      "requires": {
        "lodash": "^4.2.0"
      }
    },
    "@babel/helper-remap-async-to-generator": {
      "version": "7.0.0-beta.40",
      "resolved": "https://registry.npmjs.org/@babel/helper-remap-async-to-generator/-/helper-remap-async-to-generator-7.0.0-beta.40.tgz",
      "integrity": "sha512-RISz7EebAqaf4ofdG9LdVNfeqhK+JlFYJxvqCGMcS+Pyz84dA41MxgtjrRQdT85be1lZLI2OArvD7zDrj1psag==",
      "dev": true,
      "requires": {
        "@babel/helper-annotate-as-pure": "7.0.0-beta.40",
        "@babel/helper-wrap-function": "7.0.0-beta.40",
        "@babel/template": "7.0.0-beta.40",